<?xml version="1.0" encoding="UTF-8" standalone="yes" ?>
<CodeBlocks_project_file>
	<FileVersion major="1" minor="5" />
	<Project>
		<Option title="wxFormBuilder" />
		<Option pch_mode="2" />
		<Option default_target="" />
		<Option compiler="gcc" />
		<Option virtualFolders="" />
		<Build>
			<Target title="Debug">
				<Option output="..\bin\wxFormBuilderd.exe" prefix_auto="0" extension_auto="0" />
				<Option object_output=".objsd" />
				<Option type="0" />
				<Option compiler="gcc" />
				<Compiler>
					<Add option="-Wall" />
					<Add option="-g" />
					<Add option="-DHAVE_W32API_H" />
					<Add option="-DWIN32" />
					<Add option="-D_WINDOWS" />
					<Add option="-DTIXML_USE_STL" />
					<Add option="-D__WX__" />
					<Add option="-D__WXMSW__" />
					<Add option="-DWXUSINGDLL" />
					<Add option="-DWXUSINGDLL_FNB" />
					<Add option="-DTIXML_USE_TICPP" />
					<Add option="-DDEBUG" />
					<Add option="-D__WXDEBUG__" />
					<Add directory="$(#WX.include)" />
					<Add directory="controls\include" />
					<Add directory="boost" />
					<Add directory="..\src" />
					<Add directory="..\sdk\tinyxml" />
					<Add directory="..\sdk\plugin_interface" />
				</Compiler>
				<ResourceCompiler>
					<Add directory="$(#WX.include)" />
					<Add directory="controls\include" />
					<Add directory="boost" />
					<Add directory="..\src" />
					<Add directory="..\sdk\tinyxml" />
					<Add directory="..\sdk\plugin_interface" />
				</ResourceCompiler>
				<Linker>
					<Add library="..\bin\wxmsw270md_flatnotebook_gcc.dll" />
					<Add library="..\bin\wxmsw270md_propgrid_gcc.dll" />
					<Add library="..\bin\wxmsw270md_scintilla_gcc.dll" />
					<Add library="..\sdk\lib\libticppd.a" />
					<Add library="..\sdk\lib\libfbPluginInterfaced.a" />
					<Add library="wxmsw27d" />
					<Add directory="$(#WX)\lib\gcc_dll" />
				</Linker>
			</Target>
			<Target title="Debug (Unicode)">
				<Option output="..\bin\wxFormBuilderd.exe" prefix_auto="0" extension_auto="0" />
				<Option object_output=".objsud" />
				<Option type="0" />
				<Option compiler="gcc" />
				<Compiler>
					<Add option="-Wall" />
					<Add option="-g" />
					<Add option="-DHAVE_W32API_H" />
					<Add option="-DWIN32" />
					<Add option="-D_WINDOWS" />
					<Add option="-DTIXML_USE_STL" />
					<Add option="-D__WX__" />
					<Add option="-D__WXMSW__" />
					<Add option="-DWXUSINGDLL" />
					<Add option="-DWXUSINGDLL_FNB" />
					<Add option="-DTIXML_USE_TICPP" />
					<Add option="-DDEBUG" />
					<Add option="-D__WXDEBUG__" />
					<Add option="-DUNICODE" />
					<Add option="-D_UNICODE" />
					<Add directory="$(#WX.include)" />
					<Add directory="controls\include" />
					<Add directory="boost" />
					<Add directory="..\src" />
					<Add directory="..\sdk\tinyxml" />
					<Add directory="..\sdk\plugin_interface" />
				</Compiler>
				<ResourceCompiler>
					<Add directory="$(#WX.include)" />
					<Add directory="controls\include" />
					<Add directory="boost" />
					<Add directory="..\src" />
					<Add directory="..\sdk\tinyxml" />
					<Add directory="..\sdk\plugin_interface" />
				</ResourceCompiler>
				<Linker>
					<Add library="..\bin\wxmsw270umd_flatnotebook_gcc.dll" />
					<Add library="..\bin\wxmsw270umd_propgrid_gcc.dll" />
					<Add library="..\bin\wxmsw270umd_scintilla_gcc.dll" />
					<Add library="..\sdk\lib\libticppd.a" />
					<Add library="..\sdk\lib\libfbPluginInterfaceud.a" />
					<Add library="wxmsw27ud" />
					<Add directory="$(#WX)\lib\gcc_dll" />
				</Linker>
			</Target>
			<Target title="Release">
				<Option output="..\bin\wxFormBuilder.exe" prefix_auto="0" extension_auto="0" />
				<Option type="0" />
				<Option compiler="gcc" />
				<Compiler>
					<Add option="-Wall" />
					<Add option="-O3" />
					<Add option="-DHAVE_W32API_H" />
					<Add option="-DWIN32" />
					<Add option="-D_WINDOWS" />
					<Add option="-DTIXML_USE_STL" />
					<Add option="-D__WX__" />
					<Add option="-D__WXMSW__" />
					<Add option="-DWXUSINGDLL" />
					<Add option="-DWXUSINGDLL_FNB" />
					<Add option="-DTIXML_USE_TICPP" />
					<Add option="-DNDEBUG" />
					<Add directory="$(#WX.include)" />
					<Add directory="controls\include" />
					<Add directory="boost" />
					<Add directory="..\src" />
					<Add directory="..\sdk\tinyxml" />
					<Add directory="..\sdk\plugin_interface" />
				</Compiler>
				<ResourceCompiler>
					<Add directory="$(#WX.include)" />
					<Add directory="controls\include" />
					<Add directory="boost" />
					<Add directory="..\src" />
					<Add directory="..\sdk\tinyxml" />
					<Add directory="..\sdk\plugin_interface" />
				</ResourceCompiler>
				<Linker>
					<Add option="-s" />
					<Add library="..\bin\wxmsw270m_flatnotebook_gcc.dll" />
					<Add library="..\bin\wxmsw270m_propgrid_gcc.dll" />
					<Add library="..\bin\wxmsw270m_scintilla_gcc.dll" />
					<Add library="..\sdk\lib\libticpp.a" />
					<Add library="..\sdk\lib\libfbPluginInterface.a" />
					<Add library="wxmsw27" />
					<Add directory="$(#WX)\lib\gcc_dll" />
				</Linker>
			</Target>
			<Target title="Release (Unicode)">
				<Option output="..\bin\wxFormBuilder.exe" prefix_auto="0" extension_auto="0" />
				<Option object_output=".objsu" />
				<Option type="0" />
				<Option compiler="gcc" />
				<Compiler>
					<Add option="-Wall" />
					<Add option="-O3" />
					<Add option="-DHAVE_W32API_H" />
					<Add option="-DWIN32" />
					<Add option="-D_WINDOWS" />
					<Add option="-DTIXML_USE_STL" />
					<Add option="-D__WX__" />
					<Add option="-D__WXMSW__" />
					<Add option="-DWXUSINGDLL" />
					<Add option="-DWXUSINGDLL_FNB" />
					<Add option="-DTIXML_USE_TICPP" />
					<Add option="-DNDEBUG" />
					<Add option="-DUNICODE" />
					<Add option="-D_UNICODE" />
					<Add directory="$(#WX.include)" />
					<Add directory="controls\include" />
					<Add directory="boost" />
					<Add directory="..\src" />
					<Add directory="..\sdk\tinyxml" />
					<Add directory="..\sdk\plugin_interface" />
				</Compiler>
				<ResourceCompiler>
					<Add directory="$(#WX.include)" />
					<Add directory="controls\include" />
					<Add directory="boost" />
					<Add directory="..\src" />
					<Add directory="..\sdk\tinyxml" />
					<Add directory="..\sdk\plugin_interface" />
				</ResourceCompiler>
				<Linker>
					<Add option="-s" />
					<Add library="..\bin\wxmsw270um_flatnotebook_gcc.dll" />
					<Add library="..\bin\wxmsw270um_propgrid_gcc.dll" />
					<Add library="..\bin\wxmsw270um_scintilla_gcc.dll" />
					<Add library="..\sdk\lib\libticpp.a" />
					<Add library="..\sdk\lib\libfbPluginInterfaceu.a" />
					<Add library="wxmsw27u" />
					<Add directory="$(#WX)\lib\gcc_dll" />
				</Linker>
			</Target>
		</Build>
		<Unit filename="codegen\codegen.cpp">
			<Option compilerVar="CPP" />
			<Option target="Debug" />
			<Option target="Debug (Unicode)" />
			<Option target="Release" />
			<Option target="Release (Unicode)" />
		</Unit>
		<Unit filename="codegen\codegen.h">
			<Option compilerVar="CPP" />
			<Option compile="0" />
			<Option link="0" />
			<Option target="Debug" />
			<Option target="Debug (Unicode)" />
			<Option target="Release" />
			<Option target="Release (Unicode)" />
		</Unit>
		<Unit filename="codegen\cppcg.cpp">
			<Option compilerVar="CPP" />
			<Option target="Debug" />
			<Option target="Debug (Unicode)" />
			<Option target="Release" />
			<Option target="Release (Unicode)" />
		</Unit>
		<Unit filename="codegen\cppcg.h">
			<Option compilerVar="CPP" />
			<Option compile="0" />
			<Option link="0" />
			<Option target="Debug" />
			<Option target="Debug (Unicode)" />
			<Option target="Release" />
			<Option target="Release (Unicode)" />
		</Unit>
		<Unit filename="codegen\xrccg.cpp">
			<Option compilerVar="CPP" />
			<Option target="Debug" />
			<Option target="Debug (Unicode)" />
			<Option target="Release" />
			<Option target="Release (Unicode)" />
		</Unit>
		<Unit filename="codegen\xrccg.h">
			<Option compilerVar="CPP" />
			<Option compile="0" />
			<Option link="0" />
			<Option target="Debug" />
			<Option target="Debug (Unicode)" />
			<Option target="Release" />
			<Option target="Release (Unicode)" />
		</Unit>
		<Unit filename="maingui.cpp">
			<Option compilerVar="CPP" />
			<Option target="Debug" />
			<Option target="Debug (Unicode)" />
			<Option target="Release" />
			<Option target="Release (Unicode)" />
		</Unit>
		<Unit filename="maingui.h">
			<Option compilerVar="CPP" />
			<Option compile="0" />
			<Option link="0" />
			<Option target="Debug" />
			<Option target="Debug (Unicode)" />
			<Option target="Release" />
			<Option target="Release (Unicode)" />
		</Unit>
		<Unit filename="model\database.cpp">
			<Option compilerVar="CPP" />
			<Option target="Debug" />
			<Option target="Debug (Unicode)" />
			<Option target="Release" />
			<Option target="Release (Unicode)" />
		</Unit>
		<Unit filename="model\database.h">
			<Option compilerVar="CPP" />
			<Option compile="0" />
			<Option link="0" />
			<Option target="Debug" />
			<Option target="Debug (Unicode)" />
			<Option target="Release" />
			<Option target="Release (Unicode)" />
		</Unit>
		<Unit filename="model\objectbase.cpp">
			<Option compilerVar="CPP" />
			<Option target="Debug" />
			<Option target="Debug (Unicode)" />
			<Option target="Release" />
			<Option target="Release (Unicode)" />
		</Unit>
		<Unit filename="model\objectbase.h">
			<Option compilerVar="CPP" />
			<Option compile="0" />
			<Option link="0" />
			<Option target="Debug" />
			<Option target="Debug (Unicode)" />
			<Option target="Release" />
			<Option target="Release (Unicode)" />
		</Unit>
		<Unit filename="model\objectinterface.h">
			<Option compilerVar="CPP" />
			<Option compile="0" />
			<Option link="0" />
			<Option target="Debug" />
			<Option target="Debug (Unicode)" />
			<Option target="Release" />
			<Option target="Release (Unicode)" />
		</Unit>
		<Unit filename="model\types.cpp">
			<Option compilerVar="CPP" />
			<Option target="Debug" />
			<Option target="Debug (Unicode)" />
			<Option target="Release" />
			<Option target="Release (Unicode)" />
		</Unit>
		<Unit filename="model\types.h">
			<Option compilerVar="CPP" />
			<Option compile="0" />
			<Option link="0" />
			<Option target="Debug" />
			<Option target="Debug (Unicode)" />
			<Option target="Release" />
			<Option target="Release (Unicode)" />
		</Unit>
		<Unit filename="model\xrcfilter.cpp">
			<Option compilerVar="CPP" />
			<Option target="Debug" />
			<Option target="Debug (Unicode)" />
			<Option target="Release" />
			<Option target="Release (Unicode)" />
		</Unit>
		<Unit filename="model\xrcfilter.h">
			<Option compilerVar="CPP" />
			<Option compile="0" />
			<Option link="0" />
			<Option target="Debug" />
			<Option target="Debug (Unicode)" />
			<Option target="Release" />
			<Option target="Release (Unicode)" />
		</Unit>
		<Unit filename="pch.h">
			<Option compilerVar="CPP" />
			<Option compile="0" />
			<Option link="0" />
			<Option target="Debug" />
			<Option target="Debug (Unicode)" />
			<Option target="Release" />
			<Option target="Release (Unicode)" />
		</Unit>
		<Unit filename="rad\about.cpp">
			<Option compilerVar="CPP" />
			<Option target="Debug" />
			<Option target="Debug (Unicode)" />
			<Option target="Release" />
			<Option target="Release (Unicode)" />
		</Unit>
		<Unit filename="rad\about.h">
			<Option compilerVar="CPP" />
			<Option compile="0" />
			<Option link="0" />
			<Option target="Debug" />
			<Option target="Debug (Unicode)" />
			<Option target="Release" />
			<Option target="Release (Unicode)" />
		</Unit>
		<Unit filename="rad\appdata.cpp">
			<Option compilerVar="CPP" />
			<Option target="Debug" />
			<Option target="Debug (Unicode)" />
			<Option target="Release" />
			<Option target="Release (Unicode)" />
		</Unit>
		<Unit filename="rad\appdata.h">
			<Option compilerVar="CPP" />
			<Option compile="0" />
			<Option link="0" />
			<Option target="Debug" />
			<Option target="Debug (Unicode)" />
			<Option target="Release" />
			<Option target="Release (Unicode)" />
		</Unit>
		<Unit filename="rad\bitmaps.cpp">
			<Option compilerVar="CPP" />
			<Option target="Debug" />
			<Option target="Debug (Unicode)" />
			<Option target="Release" />
			<Option target="Release (Unicode)" />
		</Unit>
		<Unit filename="rad\bitmaps.h">
			<Option compilerVar="CPP" />
			<Option compile="0" />
			<Option link="0" />
			<Option target="Debug" />
			<Option target="Debug (Unicode)" />
			<Option target="Release" />
			<Option target="Release (Unicode)" />
		</Unit>
		<Unit filename="rad\cmdproc.cpp">
			<Option compilerVar="CPP" />
			<Option target="Debug" />
			<Option target="Debug (Unicode)" />
			<Option target="Release" />
			<Option target="Release (Unicode)" />
		</Unit>
		<Unit filename="rad\cmdproc.h">
			<Option compilerVar="CPP" />
			<Option compile="0" />
			<Option link="0" />
			<Option target="Debug" />
			<Option target="Debug (Unicode)" />
			<Option target="Release" />
			<Option target="Release (Unicode)" />
		</Unit>
		<Unit filename="rad\cpppanel\cpppanel.cpp">
			<Option compilerVar="CPP" />
			<Option target="Debug" />
			<Option target="Debug (Unicode)" />
			<Option target="Release" />
			<Option target="Release (Unicode)" />
		</Unit>
		<Unit filename="rad\cpppanel\cpppanel.h">
			<Option compilerVar="CPP" />
			<Option compile="0" />
			<Option link="0" />
			<Option target="Debug" />
			<Option target="Debug (Unicode)" />
			<Option target="Release" />
			<Option target="Release (Unicode)" />
		</Unit>
		<Unit filename="rad\customkeys.cpp">
			<Option compilerVar="CPP" />
			<Option target="Debug" />
			<Option target="Debug (Unicode)" />
			<Option target="Release" />
			<Option target="Release (Unicode)" />
		</Unit>
		<Unit filename="rad\customkeys.h">
			<Option compilerVar="CPP" />
			<Option compile="0" />
			<Option link="0" />
			<Option target="Debug" />
			<Option target="Debug (Unicode)" />
			<Option target="Release" />
			<Option target="Release (Unicode)" />
		</Unit>
		<Unit filename="rad\designer\innerframe.cpp">
			<Option compilerVar="CPP" />
			<Option target="Debug" />
			<Option target="Debug (Unicode)" />
			<Option target="Release" />
			<Option target="Release (Unicode)" />
		</Unit>
		<Unit filename="rad\designer\innerframe.h">
			<Option compilerVar="CPP" />
			<Option compile="0" />
			<Option link="0" />
			<Option target="Debug" />
			<Option target="Debug (Unicode)" />
			<Option target="Release" />
			<Option target="Release (Unicode)" />
		</Unit>
		<Unit filename="rad\designer\menubar.cpp">
			<Option compilerVar="CPP" />
			<Option target="Debug" />
			<Option target="Debug (Unicode)" />
			<Option target="Release" />
			<Option target="Release (Unicode)" />
		</Unit>
		<Unit filename="rad\designer\menubar.h">
			<Option compilerVar="CPP" />
			<Option compile="0" />
			<Option link="0" />
			<Option target="Debug" />
			<Option target="Debug (Unicode)" />
			<Option target="Release" />
			<Option target="Release (Unicode)" />
		</Unit>
		<Unit filename="rad\designer\resizablepanel.cpp">
			<Option compilerVar="CPP" />
			<Option target="Debug" />
			<Option target="Debug (Unicode)" />
			<Option target="Release" />
			<Option target="Release (Unicode)" />
		</Unit>
		<Unit filename="rad\designer\resizablepanel.h">
			<Option compilerVar="CPP" />
			<Option compile="0" />
			<Option link="0" />
			<Option target="Debug" />
			<Option target="Debug (Unicode)" />
			<Option target="Release" />
			<Option target="Release (Unicode)" />
		</Unit>
		<Unit filename="rad\designer\visualeditor.cpp">
			<Option compilerVar="CPP" />
			<Option target="Debug" />
			<Option target="Debug (Unicode)" />
			<Option target="Release" />
			<Option target="Release (Unicode)" />
		</Unit>
		<Unit filename="rad\designer\visualeditor.h">
			<Option compilerVar="CPP" />
			<Option compile="0" />
			<Option link="0" />
			<Option target="Debug" />
			<Option target="Debug (Unicode)" />
			<Option target="Release" />
			<Option target="Release (Unicode)" />
		</Unit>
		<Unit filename="rad\designer\visualobj.cpp">
			<Option compilerVar="CPP" />
			<Option target="Debug" />
			<Option target="Debug (Unicode)" />
			<Option target="Release" />
			<Option target="Release (Unicode)" />
		</Unit>
		<Unit filename="rad\designer\visualobj.h">
			<Option compilerVar="CPP" />
			<Option compile="0" />
			<Option link="0" />
			<Option target="Debug" />
			<Option target="Debug (Unicode)" />
			<Option target="Release" />
			<Option target="Release (Unicode)" />
		</Unit>
		<Unit filename="rad\genericpanel.cpp">
			<Option compilerVar="CPP" />
			<Option target="Debug" />
			<Option target="Debug (Unicode)" />
			<Option target="Release" />
			<Option target="Release (Unicode)" />
		</Unit>
		<Unit filename="rad\genericpanel.h">
			<Option compilerVar="CPP" />
			<Option compile="0" />
			<Option link="0" />
			<Option target="Debug" />
			<Option target="Debug (Unicode)" />
			<Option target="Release" />
			<Option target="Release (Unicode)" />
		</Unit>
		<Unit filename="rad\inspector\objinspect.h">
			<Option compilerVar="CPP" />
			<Option compile="0" />
			<Option link="0" />
			<Option target="Debug" />
			<Option target="Debug (Unicode)" />
			<Option target="Release" />
			<Option target="Release (Unicode)" />
		</Unit>
		<Unit filename="rad\inspector\objinspect2.cpp">
			<Option compilerVar="CPP" />
			<Option target="Debug" />
			<Option target="Debug (Unicode)" />
			<Option target="Release" />
			<Option target="Release (Unicode)" />
		</Unit>
		<Unit filename="rad\inspector\objinspect2.h">
			<Option compilerVar="CPP" />
			<Option compile="0" />
			<Option link="0" />
			<Option target="Debug" />
			<Option target="Debug (Unicode)" />
			<Option target="Release" />
			<Option target="Release (Unicode)" />
		</Unit>
		<Unit filename="rad\mainframe.cpp">
			<Option compilerVar="CPP" />
			<Option target="Debug" />
			<Option target="Debug (Unicode)" />
			<Option target="Release" />
			<Option target="Release (Unicode)" />
		</Unit>
		<Unit filename="rad\mainframe.h">
			<Option compilerVar="CPP" />
			<Option compile="0" />
			<Option link="0" />
			<Option target="Debug" />
			<Option target="Debug (Unicode)" />
			<Option target="Release" />
			<Option target="Release (Unicode)" />
		</Unit>
		<Unit filename="rad\menueditor.cpp">
			<Option compilerVar="CPP" />
			<Option target="Debug" />
			<Option target="Debug (Unicode)" />
			<Option target="Release" />
			<Option target="Release (Unicode)" />
		</Unit>
		<Unit filename="rad\menueditor.h">
			<Option compilerVar="CPP" />
			<Option compile="0" />
			<Option link="0" />
			<Option target="Debug" />
			<Option target="Debug (Unicode)" />
			<Option target="Release" />
			<Option target="Release (Unicode)" />
		</Unit>
		<Unit filename="rad\objecttree\objecttree.cpp">
			<Option compilerVar="CPP" />
			<Option target="Debug" />
			<Option target="Debug (Unicode)" />
			<Option target="Release" />
			<Option target="Release (Unicode)" />
		</Unit>
		<Unit filename="rad\objecttree\objecttree.h">
			<Option compilerVar="CPP" />
			<Option compile="0" />
			<Option link="0" />
			<Option target="Debug" />
			<Option target="Debug (Unicode)" />
			<Option target="Release" />
			<Option target="Release (Unicode)" />
		</Unit>
		<Unit filename="rad\palette.cpp">
			<Option compilerVar="CPP" />
			<Option target="Debug" />
			<Option target="Debug (Unicode)" />
			<Option target="Release" />
			<Option target="Release (Unicode)" />
		</Unit>
		<Unit filename="rad\palette.h">
			<Option compilerVar="CPP" />
			<Option compile="0" />
			<Option link="0" />
			<Option target="Debug" />
			<Option target="Debug (Unicode)" />
			<Option target="Release" />
			<Option target="Release (Unicode)" />
		</Unit>
		<Unit filename="rad\title.cpp">
			<Option compilerVar="CPP" />
			<Option target="Debug" />
			<Option target="Debug (Unicode)" />
			<Option target="Release" />
			<Option target="Release (Unicode)" />
		</Unit>
		<Unit filename="rad\title.h">
			<Option compilerVar="CPP" />
			<Option compile="0" />
			<Option link="0" />
			<Option target="Debug" />
			<Option target="Debug (Unicode)" />
			<Option target="Release" />
			<Option target="Release (Unicode)" />
		</Unit>
		<Unit filename="rad\unknown.h">
			<Option compilerVar="CPP" />
			<Option compile="0" />
			<Option link="0" />
			<Option target="Debug" />
			<Option target="Debug (Unicode)" />
			<Option target="Release" />
			<Option target="Release (Unicode)" />
		</Unit>
		<Unit filename="rad\wxfbevent.cpp">
			<Option compilerVar="CPP" />
			<Option target="Debug" />
			<Option target="Debug (Unicode)" />
			<Option target="Release" />
			<Option target="Release (Unicode)" />
		</Unit>
		<Unit filename="rad\wxfbevent.h">
			<Option compilerVar="CPP" />
			<Option compile="0" />
			<Option link="0" />
			<Option target="Debug" />
			<Option target="Debug (Unicode)" />
			<Option target="Release" />
			<Option target="Release (Unicode)" />
		</Unit>
		<Unit filename="rad\wxfbmanager.cpp">
			<Option compilerVar="CPP" />
			<Option target="Debug" />
			<Option target="Debug (Unicode)" />
			<Option target="Release" />
			<Option target="Release (Unicode)" />
		</Unit>
		<Unit filename="rad\wxfbmanager.h">
			<Option compilerVar="CPP" />
			<Option compile="0" />
			<Option link="0" />
			<Option target="Debug" />
			<Option target="Debug (Unicode)" />
			<Option target="Release" />
			<Option target="Release (Unicode)" />
		</Unit>
		<Unit filename="rad\xrcpanel\xrcpanel.cpp">
			<Option compilerVar="CPP" />
			<Option target="Debug" />
			<Option target="Debug (Unicode)" />
			<Option target="Release" />
			<Option target="Release (Unicode)" />
		</Unit>
		<Unit filename="rad\xrcpanel\xrcpanel.h">
			<Option compilerVar="CPP" />
			<Option compile="0" />
			<Option link="0" />
			<Option target="Debug" />
			<Option target="Debug (Unicode)" />
			<Option target="Release" />
			<Option target="Release (Unicode)" />
		</Unit>
		<Unit filename="utils\debug.cpp">
			<Option compilerVar="CPP" />
			<Option target="Debug" />
			<Option target="Debug (Unicode)" />
			<Option target="Release" />
			<Option target="Release (Unicode)" />
		</Unit>
		<Unit filename="utils\debug.h">
			<Option compilerVar="CPP" />
			<Option compile="0" />
			<Option link="0" />
			<Option target="Debug" />
			<Option target="Debug (Unicode)" />
			<Option target="Release" />
			<Option target="Release (Unicode)" />
		</Unit>
		<Unit filename="utils\stringutils.cpp">
			<Option compilerVar="CPP" />
			<Option target="Debug" />
			<Option target="Debug (Unicode)" />
			<Option target="Release" />
			<Option target="Release (Unicode)" />
		</Unit>
		<Unit filename="utils\stringutils.h">
			<Option compilerVar="CPP" />
			<Option compile="0" />
			<Option link="0" />
			<Option target="Debug" />
			<Option target="Debug (Unicode)" />
			<Option target="Release" />
			<Option target="Release (Unicode)" />
		</Unit>
		<Unit filename="utils\typeconv.cpp">
			<Option compilerVar="CPP" />
			<Option target="Debug" />
			<Option target="Debug (Unicode)" />
			<Option target="Release" />
			<Option target="Release (Unicode)" />
		</Unit>
		<Unit filename="utils\typeconv.h">
			<Option compilerVar="CPP" />
			<Option compile="0" />
			<Option link="0" />
			<Option target="Debug" />
			<Option target="Debug (Unicode)" />
			<Option target="Release" />
			<Option target="Release (Unicode)" />
		</Unit>
		<Unit filename="utils\wxfbexception.h">
			<Option compilerVar="CPP" />
			<Option compile="0" />
			<Option link="0" />
			<Option target="Debug" />
			<Option target="Debug (Unicode)" />
			<Option target="Release" />
			<Option target="Release (Unicode)" />
		</Unit>
		<Unit filename="wxFormBuilder.rc">
			<Option compilerVar="WINDRES" />
			<Option objectName="wxFormBuilder.res" />
			<Option target="Debug" />
			<Option target="Debug (Unicode)" />
			<Option target="Release" />
			<Option target="Release (Unicode)" />
		</Unit>
		<Extensions />
	</Project>
</CodeBlocks_project_file>
